<?xml version="1.0" encoding="utf-8"?>
<Project ToolsVersion="4.0" xmlns="http://schemas.microsoft.com/developer/msbuild/2003">
  <ItemGroup>
    <Filter Include="Source Files">
      <UniqueIdentifier>{4FC737F1-C7A5-4376-A066-2A32D752A2FF}</UniqueIdentifier>
      <Extensions>cpp;c;cc;cxx;def;odl;idl;hpj;bat;asm;asmx</Extensions>
    </Filter>
    <Filter Include="Source Files\Application">
      <UniqueIdentifier>{8904658a-a31a-40fc-93e8-1b42e0c2bfde}</UniqueIdentifier>
    </Filter>
    <Filter Include="Source Files\Entities">
      <UniqueIdentifier>{a8b5d87f-88ee-4428-8596-6c65cfb47248}</UniqueIdentifier>
    </Filter>
    <Filter Include="Source Files\Scenes">
      <UniqueIdentifier>{ee17dfa4-4545-4385-ab23-eb5e62b0f450}</UniqueIdentifier>
    </Filter>
    <Filter Include="Source Files\Modules">
      <UniqueIdentifier>{8ecea196-ca7e-4edf-b401-1cd6395cc785}</UniqueIdentifier>
    </Filter>
    <Filter Include="Source Files\Utils">
      <UniqueIdentifier>{2206a4a6-3841-4523-b307-8d1bdb00716a}</UniqueIdentifier>
    </Filter>
    <Filter Include="Source Files\Entities\Player">
      <UniqueIdentifier>{d4ff98ed-2972-4819-8be2-565784f2be1a}</UniqueIdentifier>
    </Filter>
    <Filter Include="Source Files\Entities\Enemies">
      <UniqueIdentifier>{6226e0cb-68a2-446f-8bc2-37ab26cd1992}</UniqueIdentifier>
    </Filter>
    <Filter Include="Source Files\Entities\Particles">
      <UniqueIdentifier>{11b79db0-52c3-475b-9b38-cf2d0f8cae35}</UniqueIdentifier>
    </Filter>
    <Filter Include="Source Files\Entities\Interactable">
      <UniqueIdentifier>{2292c12d-5b78-459b-93b4-32a873863459}</UniqueIdentifier>
    </Filter>
    <Filter Include="Source Files\Scenes\Transitions">
      <UniqueIdentifier>{3cbae5af-30bd-46af-9777-85ce221bdd23}</UniqueIdentifier>
    </Filter>
  </ItemGroup>
  <ItemGroup>
    <ClCompile Include="Application.cpp">
      <Filter>Source Files\Application</Filter>
    </ClCompile>
    <ClCompile Include="Globals.cpp">
      <Filter>Source Files\Application</Filter>
    </ClCompile>
    <ClCompile Include="Main.cpp">
      <Filter>Source Files\Application</Filter>
    </ClCompile>
    <ClCompile Include="Enemy_Soldier.cpp">
      <Filter>Source Files\Entities\Enemies</Filter>
    </ClCompile>
    <ClCompile Include="Enemy_Mech.cpp">
      <Filter>Source Files\Entities\Enemies</Filter>
    </ClCompile>
    <ClCompile Include="Enemy_RedBird.cpp">
      <Filter>Source Files\Entities\Enemies</Filter>
    </ClCompile>
    <ClCompile Include="ModuleEnemies.cpp">
      <Filter>Source Files\Entities\Enemies</Filter>
    </ClCompile>
    <ClCompile Include="PowerUps.cpp">
      <Filter>Source Files\Entities\Interactable</Filter>
    </ClCompile>
    <ClCompile Include="ModuleParticles.cpp">
      <Filter>Source Files\Entities\Particles</Filter>
    </ClCompile>
    <ClCompile Include="Particle.cpp">
      <Filter>Source Files\Entities\Particles</Filter>
    </ClCompile>
    <ClCompile Include="ModulePlayer.cpp">
      <Filter>Source Files\Entities\Player</Filter>
    </ClCompile>
    <ClCompile Include="Module.cpp">
      <Filter>Source Files\Modules</Filter>
    </ClCompile>
    <ClCompile Include="ModuleAudio.cpp">
      <Filter>Source Files\Modules</Filter>
    </ClCompile>
    <ClCompile Include="ModuleCollisions.cpp">
      <Filter>Source Files\Modules</Filter>
    </ClCompile>
    <ClCompile Include="ModuleFonts.cpp">
      <Filter>Source Files\Modules</Filter>
    </ClCompile>
    <ClCompile Include="ModuleInput.cpp">
      <Filter>Source Files\Modules</Filter>
    </ClCompile>
    <ClCompile Include="ModuleRender.cpp">
      <Filter>Source Files\Modules</Filter>
    </ClCompile>
    <ClCompile Include="ModuleTextures.cpp">
      <Filter>Source Files\Modules</Filter>
    </ClCompile>
    <ClCompile Include="ModuleWindow.cpp">
      <Filter>Source Files\Modules</Filter>
    </ClCompile>
    <ClCompile Include="Collider.cpp">
      <Filter>Source Files\Utils</Filter>
    </ClCompile>
    <ClCompile Include="Path.cpp">
      <Filter>Source Files\Utils</Filter>
    </ClCompile>
    <ClCompile Include="ModuleFadeToBlack.cpp">
      <Filter>Source Files\Scenes\Transitions</Filter>
    </ClCompile>
    <ClCompile Include="FirstScene.cpp">
      <Filter>Source Files\Scenes</Filter>
    </ClCompile>
    <ClCompile Include="FrontPage.cpp">
      <Filter>Source Files\Scenes</Filter>
    </ClCompile>
    <ClCompile Include="ModuleLevel_1.cpp">
      <Filter>Source Files\Scenes</Filter>
    </ClCompile>
    <ClCompile Include="SecondScene.cpp">
      <Filter>Source Files\Scenes</Filter>
    </ClCompile>
    <ClCompile Include="ThirdScene.cpp">
      <Filter>Source Files\Scenes</Filter>
    </ClCompile>
    <ClCompile Include="Enemy.cpp">
      <Filter>Source Files\Entities\Enemies</Filter>
    </ClCompile>
    <ClCompile Include="ModuleLevel_2.cpp">
      <Filter>Source Files\Scenes</Filter>
    </ClCompile>
    <ClCompile Include="FourthScene.cpp">
      <Filter>Source Files\Scenes</Filter>
    </ClCompile>
    <ClCompile Include="FifthScene.cpp">
      <Filter>Source Files\Scenes</Filter>
    </ClCompile>
  </ItemGroup>
  <ItemGroup>
    <ClInclude Include="Application.h">
      <Filter>Source Files\Application</Filter>
    </ClInclude>
    <ClInclude Include="Globals.h">
      <Filter>Source Files\Application</Filter>
    </ClInclude>
    <ClInclude Include="MemLeaks.h">
      <Filter>Source Files\Application</Filter>
    </ClInclude>
    <ClInclude Include="Enemy_Soldier.h">
      <Filter>Source Files\Entities\Enemies</Filter>
    </ClInclude>
    <ClInclude Include="Enemy_Mech.h">
      <Filter>Source Files\Entities\Enemies</Filter>
    </ClInclude>
    <ClInclude Include="Enemy_RedBird.h">
      <Filter>Source Files\Entities\Enemies</Filter>
    </ClInclude>
    <ClInclude Include="ModuleEnemies.h">
      <Filter>Source Files\Entities\Enemies</Filter>
    </ClInclude>
    <ClInclude Include="PowerUps.h">
      <Filter>Source Files\Entities\Interactable</Filter>
    </ClInclude>
    <ClInclude Include="ModuleParticles.h">
      <Filter>Source Files\Entities\Particles</Filter>
    </ClInclude>
    <ClInclude Include="Particle.h">
      <Filter>Source Files\Entities\Particles</Filter>
    </ClInclude>
    <ClInclude Include="ModulePlayer.h">
      <Filter>Source Files\Entities\Player</Filter>
    </ClInclude>
    <ClInclude Include="Module.h">
      <Filter>Source Files\Modules</Filter>
    </ClInclude>
    <ClInclude Include="ModuleAudio.h">
      <Filter>Source Files\Modules</Filter>
    </ClInclude>
    <ClInclude Include="ModuleCollisions.h">
      <Filter>Source Files\Modules</Filter>
    </ClInclude>
    <ClInclude Include="ModuleFonts.h">
      <Filter>Source Files\Modules</Filter>
    </ClInclude>
    <ClInclude Include="ModuleInput.h">
      <Filter>Source Files\Modules</Filter>
    </ClInclude>
    <ClInclude Include="ModuleRender.h">
      <Filter>Source Files\Modules</Filter>
    </ClInclude>
    <ClInclude Include="ModuleTextures.h">
      <Filter>Source Files\Modules</Filter>
    </ClInclude>
    <ClInclude Include="ModuleWindow.h">
      <Filter>Source Files\Modules</Filter>
    </ClInclude>
    <ClInclude Include="Animation.h">
      <Filter>Source Files\Utils</Filter>
    </ClInclude>
    <ClInclude Include="Collider.h">
      <Filter>Source Files\Utils</Filter>
    </ClInclude>
    <ClInclude Include="p2Point.h">
      <Filter>Source Files\Utils</Filter>
    </ClInclude>
    <ClInclude Include="Path.h">
      <Filter>Source Files\Utils</Filter>
    </ClInclude>
    <ClInclude Include="ModuleFadeToBlack.h">
      <Filter>Source Files\Scenes\Transitions</Filter>
    </ClInclude>
    <ClInclude Include="FirstScene.h">
      <Filter>Source Files\Scenes</Filter>
    </ClInclude>
    <ClInclude Include="FrontPage.h">
      <Filter>Source Files\Scenes</Filter>
    </ClInclude>
    <ClInclude Include="ModuleLevel_1.h">
      <Filter>Source Files\Scenes</Filter>
    </ClInclude>
    <ClInclude Include="SecondScene.h">
      <Filter>Source Files\Scenes</Filter>
    </ClInclude>
    <ClInclude Include="ThirdScene.h">
      <Filter>Source Files\Scenes</Filter>
    </ClInclude>
    <ClInclude Include="Enemy.h">
      <Filter>Source Files\Entities\Enemies</Filter>
    </ClInclude>
    <ClInclude Include="ModuleLevel_2.h">
      <Filter>Source Files\Scenes</Filter>
    </ClInclude>
    <ClInclude Include="FourthScene.h">
      <Filter>Source Files\Scenes</Filter>
    </ClInclude>
    <ClInclude Include="FifthScene.h">
      <Filter>Source Files\Scenes</Filter>
    </ClInclude>
  </ItemGroup>
</Project>